
Microsoft Visual Studio Solution File, Format Version 12.00
# Visual Studio Version 16
VisualStudioVersion = 16.0.29324.140
MinimumVisualStudioVersion = 10.0.40219.1
Project("{FAE04EC0-301F-11D3-BF4B-00C04F79EFBC}") = "PlexDL", "PlexDL\PlexDL.csproj", "{EAC25A53-6264-4FCA-A11F-D3E96BD51095}"
EndProject
Project("{FAE04EC0-301F-11D3-BF4B-00C04F79EFBC}") = "LogDel", "LogDel\LogDel.csproj", "{F983C455-7C57-469E-9152-9095F114D697}"
EndProject
Project("{FAE04EC0-301F-11D3-BF4B-00C04F79EFBC}") = "GitHubUpdater", "GitHubUpdater\GitHubUpdater.csproj", "{9E90936D-F2B8-4AD6-940A-11178AE67082}"
EndProject
Project("{FAE04EC0-301F-11D3-BF4B-00C04F79EFBC}") = "PlexDL.Animation", "PlexDL.Animation\PlexDL.Animation.csproj", "{EF2E6FD4-9E55-458B-81A2-DF40FCB52D57}"
EndProject
Project("{FAE04EC0-301F-11D3-BF4B-00C04F79EFBC}") = "PlexDL.WaitWindow", "PlexDL.WaitWindow\PlexDL.WaitWindow.csproj", "{6D5D6FDD-9371-4EBB-8875-EEBE170A47CD}"
EndProject
Project("{FAE04EC0-301F-11D3-BF4B-00C04F79EFBC}") = "PlexDL.AltoHTTP", "PlexDL.AltoHTTP\PlexDL.AltoHTTP.csproj", "{765CCD3E-B3C3-4948-A3C3-824A94F9ADE8}"
EndProject
Project("{FAE04EC0-301F-11D3-BF4B-00C04F79EFBC}") = "PlexDL.PlexAPI", "PlexDL.PlexAPI\PlexDL.PlexAPI.csproj", "{94E9EAEA-BB7A-4834-B2AE-98AFCD68C8DB}"
EndProject
Project("{FAE04EC0-301F-11D3-BF4B-00C04F79EFBC}") = "PlexDL.Player", "PlexDL.Player\PlexDL.Player.csproj", "{8D6702F9-0556-405A-B0DF-0E0DE79E49C7}"
EndProject
Project("{FAE04EC0-301F-11D3-BF4B-00C04F79EFBC}") = "inet", "inet\inet.csproj", "{6423075D-FB6A-4A21-B8C3-2BDB02D3E744}"
EndProject
Project("{FAE04EC0-301F-11D3-BF4B-00C04F79EFBC}") = "UIHelpers", "UIHelpers\UIHelpers.csproj", "{E3CE262B-B962-44FF-ABC0-5EBFB403D51D}"
EndProject
Project("{54435603-DBB4-11D2-8724-00A0C9A8B90C}") = "PlexDL.Installer", "PlexDL.Installer\PlexDL.Installer.vdproj", "{5878C22C-3FC3-4EBD-87EF-BABA7DB0E9E7}"
EndProject
Project("{FAE04EC0-301F-11D3-BF4B-00C04F79EFBC}") = "PlexDL.PlexAPI.LoginHandler", "PlexDL.PlexAPI.LoginHandler\PlexDL.PlexAPI.LoginHandler.csproj", "{F40A5D3C-078C-44A6-B6CF-53FF7B9C89DF}"
EndProject
Project("{FAE04EC0-301F-11D3-BF4B-00C04F79EFBC}") = "SharpCaster.Portable", "SharpCaster\SharpCaster.Portable.csproj", "{56D42483-550D-4817-844B-6C27D880130F}"
EndProject
Project("{FAE04EC0-301F-11D3-BF4B-00C04F79EFBC}") = "PlexDL.Common.Security", "PlexDL.Common.Security\PlexDL.Common.Security.csproj", "{ABA08E30-BCBB-4EB8-A187-8C8B7037BC48}"
EndProject
Project("{FAE04EC0-301F-11D3-BF4B-00C04F79EFBC}") = "PlexDL.Common.Pxz", "PlexDL.Common.Pxz\PlexDL.Common.Pxz.csproj", "{1764CA80-F851-4E2C-ACC8-37696D499D3B}"
EndProject
Project("{FAE04EC0-301F-11D3-BF4B-00C04F79EFBC}") = "PlexDL.Common", "PlexDL.Common\PlexDL.Common.csproj", "{A464F174-FEDD-45C7-B17A-4FD707867F2B}"
EndProject
Project("{FAE04EC0-301F-11D3-BF4B-00C04F79EFBC}") = "PlexDL.Common.Components", "PlexDL.Common.Components\PlexDL.Common.Components.csproj", "{3C18FC31-D361-42FB-AE18-42FAACD4E419}"
EndProject
Project("{FAE04EC0-301F-11D3-BF4B-00C04F79EFBC}") = "PlexDL.Common.Enums", "PlexDL.Common.Enums\PlexDL.Common.Enums.csproj", "{2C0B4243-5D9E-454A-9A7B-DCAC2787B13E}"
EndProject
Global
	GlobalSection(SolutionConfigurationPlatforms) = preSolution
		Debug|Any CPU = Debug|Any CPU
		Release|Any CPU = Release|Any CPU
	EndGlobalSection
	GlobalSection(ProjectConfigurationPlatforms) = postSolution
		{EAC25A53-6264-4FCA-A11F-D3E96BD51095}.Debug|Any CPU.ActiveCfg = Debug|Any CPU
		{EAC25A53-6264-4FCA-A11F-D3E96BD51095}.Debug|Any CPU.Build.0 = Debug|Any CPU
		{EAC25A53-6264-4FCA-A11F-D3E96BD51095}.Release|Any CPU.ActiveCfg = Release|Any CPU
		{EAC25A53-6264-4FCA-A11F-D3E96BD51095}.Release|Any CPU.Build.0 = Release|Any CPU
		{F983C455-7C57-469E-9152-9095F114D697}.Debug|Any CPU.ActiveCfg = Debug|Any CPU
		{F983C455-7C57-469E-9152-9095F114D697}.Debug|Any CPU.Build.0 = Debug|Any CPU
		{F983C455-7C57-469E-9152-9095F114D697}.Release|Any CPU.ActiveCfg = Release|Any CPU
		{F983C455-7C57-469E-9152-9095F114D697}.Release|Any CPU.Build.0 = Release|Any CPU
		{9E90936D-F2B8-4AD6-940A-11178AE67082}.Debug|Any CPU.ActiveCfg = Debug|Any CPU
		{9E90936D-F2B8-4AD6-940A-11178AE67082}.Debug|Any CPU.Build.0 = Debug|Any CPU
		{9E90936D-F2B8-4AD6-940A-11178AE67082}.Release|Any CPU.ActiveCfg = Release|Any CPU
		{9E90936D-F2B8-4AD6-940A-11178AE67082}.Release|Any CPU.Build.0 = Release|Any CPU
		{EF2E6FD4-9E55-458B-81A2-DF40FCB52D57}.Debug|Any CPU.ActiveCfg = Debug|Any CPU
		{EF2E6FD4-9E55-458B-81A2-DF40FCB52D57}.Debug|Any CPU.Build.0 = Debug|Any CPU
		{EF2E6FD4-9E55-458B-81A2-DF40FCB52D57}.Release|Any CPU.ActiveCfg = Release|Any CPU
		{EF2E6FD4-9E55-458B-81A2-DF40FCB52D57}.Release|Any CPU.Build.0 = Release|Any CPU
		{6D5D6FDD-9371-4EBB-8875-EEBE170A47CD}.Debug|Any CPU.ActiveCfg = Debug|Any CPU
		{6D5D6FDD-9371-4EBB-8875-EEBE170A47CD}.Debug|Any CPU.Build.0 = Debug|Any CPU
		{6D5D6FDD-9371-4EBB-8875-EEBE170A47CD}.Release|Any CPU.ActiveCfg = Release|Any CPU
		{6D5D6FDD-9371-4EBB-8875-EEBE170A47CD}.Release|Any CPU.Build.0 = Release|Any CPU
		{765CCD3E-B3C3-4948-A3C3-824A94F9ADE8}.Debug|Any CPU.ActiveCfg = Debug|Any CPU
		{765CCD3E-B3C3-4948-A3C3-824A94F9ADE8}.Debug|Any CPU.Build.0 = Debug|Any CPU
		{765CCD3E-B3C3-4948-A3C3-824A94F9ADE8}.Release|Any CPU.ActiveCfg = Release|Any CPU
		{765CCD3E-B3C3-4948-A3C3-824A94F9ADE8}.Release|Any CPU.Build.0 = Release|Any CPU
		{94E9EAEA-BB7A-4834-B2AE-98AFCD68C8DB}.Debug|Any CPU.ActiveCfg = Debug|Any CPU
		{94E9EAEA-BB7A-4834-B2AE-98AFCD68C8DB}.Debug|Any CPU.Build.0 = Debug|Any CPU
		{94E9EAEA-BB7A-4834-B2AE-98AFCD68C8DB}.Release|Any CPU.ActiveCfg = Release|Any CPU
		{94E9EAEA-BB7A-4834-B2AE-98AFCD68C8DB}.Release|Any CPU.Build.0 = Release|Any CPU
		{8D6702F9-0556-405A-B0DF-0E0DE79E49C7}.Debug|Any CPU.ActiveCfg = Debug|Any CPU
		{8D6702F9-0556-405A-B0DF-0E0DE79E49C7}.Debug|Any CPU.Build.0 = Debug|Any CPU
		{8D6702F9-0556-405A-B0DF-0E0DE79E49C7}.Release|Any CPU.ActiveCfg = Release|Any CPU
		{8D6702F9-0556-405A-B0DF-0E0DE79E49C7}.Release|Any CPU.Build.0 = Release|Any CPU
		{6423075D-FB6A-4A21-B8C3-2BDB02D3E744}.Debug|Any CPU.ActiveCfg = Debug|Any CPU
		{6423075D-FB6A-4A21-B8C3-2BDB02D3E744}.Debug|Any CPU.Build.0 = Debug|Any CPU
		{6423075D-FB6A-4A21-B8C3-2BDB02D3E744}.Release|Any CPU.ActiveCfg = Release|Any CPU
		{6423075D-FB6A-4A21-B8C3-2BDB02D3E744}.Release|Any CPU.Build.0 = Release|Any CPU
		{E3CE262B-B962-44FF-ABC0-5EBFB403D51D}.Debug|Any CPU.ActiveCfg = Debug|Any CPU
		{E3CE262B-B962-44FF-ABC0-5EBFB403D51D}.Debug|Any CPU.Build.0 = Debug|Any CPU
		{E3CE262B-B962-44FF-ABC0-5EBFB403D51D}.Release|Any CPU.ActiveCfg = Release|Any CPU
		{E3CE262B-B962-44FF-ABC0-5EBFB403D51D}.Release|Any CPU.Build.0 = Release|Any CPU
		{5878C22C-3FC3-4EBD-87EF-BABA7DB0E9E7}.Debug|Any CPU.ActiveCfg = Debug
		{5878C22C-3FC3-4EBD-87EF-BABA7DB0E9E7}.Release|Any CPU.ActiveCfg = Release
		{F40A5D3C-078C-44A6-B6CF-53FF7B9C89DF}.Debug|Any CPU.ActiveCfg = Debug|Any CPU
		{F40A5D3C-078C-44A6-B6CF-53FF7B9C89DF}.Debug|Any CPU.Build.0 = Debug|Any CPU
		{F40A5D3C-078C-44A6-B6CF-53FF7B9C89DF}.Release|Any CPU.ActiveCfg = Release|Any CPU
		{F40A5D3C-078C-44A6-B6CF-53FF7B9C89DF}.Release|Any CPU.Build.0 = Release|Any CPU
		{56D42483-550D-4817-844B-6C27D880130F}.Debug|Any CPU.ActiveCfg = Debug|Any CPU
		{56D42483-550D-4817-844B-6C27D880130F}.Debug|Any CPU.Build.0 = Debug|Any CPU
		{56D42483-550D-4817-844B-6C27D880130F}.Release|Any CPU.ActiveCfg = Release|Any CPU
		{56D42483-550D-4817-844B-6C27D880130F}.Release|Any CPU.Build.0 = Release|Any CPU
		{ABA08E30-BCBB-4EB8-A187-8C8B7037BC48}.Debug|Any CPU.ActiveCfg = Debug|Any CPU
		{ABA08E30-BCBB-4EB8-A187-8C8B7037BC48}.Debug|Any CPU.Build.0 = Debug|Any CPU
		{ABA08E30-BCBB-4EB8-A187-8C8B7037BC48}.Release|Any CPU.ActiveCfg = Release|Any CPU
		{ABA08E30-BCBB-4EB8-A187-8C8B7037BC48}.Release|Any CPU.Build.0 = Release|Any CPU
		{1764CA80-F851-4E2C-ACC8-37696D499D3B}.Debug|Any CPU.ActiveCfg = Debug|Any CPU
		{1764CA80-F851-4E2C-ACC8-37696D499D3B}.Debug|Any CPU.Build.0 = Debug|Any CPU
		{1764CA80-F851-4E2C-ACC8-37696D499D3B}.Release|Any CPU.ActiveCfg = Release|Any CPU
		{1764CA80-F851-4E2C-ACC8-37696D499D3B}.Release|Any CPU.Build.0 = Release|Any CPU
		{A464F174-FEDD-45C7-B17A-4FD707867F2B}.Debug|Any CPU.ActiveCfg = Debug|Any CPU
		{A464F174-FEDD-45C7-B17A-4FD707867F2B}.Debug|Any CPU.Build.0 = Debug|Any CPU
		{A464F174-FEDD-45C7-B17A-4FD707867F2B}.Release|Any CPU.ActiveCfg = Release|Any CPU
		{A464F174-FEDD-45C7-B17A-4FD707867F2B}.Release|Any CPU.Build.0 = Release|Any CPU
		{3C18FC31-D361-42FB-AE18-42FAACD4E419}.Debug|Any CPU.ActiveCfg = Debug|Any CPU
		{3C18FC31-D361-42FB-AE18-42FAACD4E419}.Debug|Any CPU.Build.0 = Debug|Any CPU
		{3C18FC31-D361-42FB-AE18-42FAACD4E419}.Release|Any CPU.ActiveCfg = Release|Any CPU
		{3C18FC31-D361-42FB-AE18-42FAACD4E419}.Release|Any CPU.Build.0 = Release|Any CPU
		{2C0B4243-5D9E-454A-9A7B-DCAC2787B13E}.Debug|Any CPU.ActiveCfg = Debug|Any CPU
		{2C0B4243-5D9E-454A-9A7B-DCAC2787B13E}.Debug|Any CPU.Build.0 = Debug|Any CPU
		{2C0B4243-5D9E-454A-9A7B-DCAC2787B13E}.Release|Any CPU.ActiveCfg = Release|Any CPU
		{2C0B4243-5D9E-454A-9A7B-DCAC2787B13E}.Release|Any CPU.Build.0 = Release|Any CPU
	EndGlobalSection
	GlobalSection(SolutionProperties) = preSolution
		HideSolutionNode = FALSE
	EndGlobalSection
	GlobalSection(ExtensibilityGlobals) = postSolution
		SolutionGuid = {BA3965B0-3B8B-4ED9-9C98-94F84C7B54BF}
	EndGlobalSection
EndGlobal
